
Microsoft Visual Studio Solution File, Format Version 12.00
# Visual Studio Version 17
VisualStudioVersion = 17.0.31903.59
MinimumVisualStudioVersion = 10.0.40219.1
Project("{FAE04EC0-301F-11D3-BF4B-00C04F79EFBC}") = "SigmaInsight.Api", "SigmaInsight.Api\SigmaInsight.Api.csproj", "{77C7326C-5576-4CDB-B2C8-A4043DC8BEB2}"
EndProject
Project("{FAE04EC0-301F-11D3-BF4B-00C04F79EFBC}") = "SigmaInsight.Web", "SigmaInsight.Web\SigmaInsight.Web.csproj", "{5269D5A9-BC52-40C9-9297-62478834CAFC}"
EndProject
Project("{FAE04EC0-301F-11D3-BF4B-00C04F79EFBC}") = "IaC", "IaC\IaC.csproj", "{1B5735CF-95A1-4E81-A08E-3ACFDE50AFBD}"
EndProject
Global
	GlobalSection(SolutionConfigurationPlatforms) = preSolution
		Debug|Any CPU = Debug|Any CPU
		Release|Any CPU = Release|Any CPU
	EndGlobalSection
	GlobalSection(SolutionProperties) = preSolution
		HideSolutionNode = FALSE
	EndGlobalSection
	GlobalSection(ProjectConfigurationPlatforms) = postSolution
		{77C7326C-5576-4CDB-B2C8-A4043DC8BEB2}.Debug|Any CPU.ActiveCfg = Debug|Any CPU
		{77C7326C-5576-4CDB-B2C8-A4043DC8BEB2}.Debug|Any CPU.Build.0 = Debug|Any CPU
		{77C7326C-5576-4CDB-B2C8-A4043DC8BEB2}.Release|Any CPU.ActiveCfg = Release|Any CPU
		{77C7326C-5576-4CDB-B2C8-A4043DC8BEB2}.Release|Any CPU.Build.0 = Release|Any CPU
		{5269D5A9-BC52-40C9-9297-62478834CAFC}.Debug|Any CPU.ActiveCfg = Debug|Any CPU
		{5269D5A9-BC52-40C9-9297-62478834CAFC}.Debug|Any CPU.Build.0 = Debug|Any CPU
		{5269D5A9-BC52-40C9-9297-62478834CAFC}.Release|Any CPU.ActiveCfg = Release|Any CPU
		{5269D5A9-BC52-40C9-9297-62478834CAFC}.Release|Any CPU.Build.0 = Release|Any CPU
		{1B5735CF-95A1-4E81-A08E-3ACFDE50AFBD}.Debug|Any CPU.ActiveCfg = Debug|Any CPU
		{1B5735CF-95A1-4E81-A08E-3ACFDE50AFBD}.Debug|Any CPU.Build.0 = Debug|Any CPU
		{1B5735CF-95A1-4E81-A08E-3ACFDE50AFBD}.Release|Any CPU.ActiveCfg = Release|Any CPU
		{1B5735CF-95A1-4E81-A08E-3ACFDE50AFBD}.Release|Any CPU.Build.0 = Release|Any CPU
	EndGlobalSection
EndGlobal
